{
  "name": "joyful-pet",
  "lockfileVersion": 3,
  "requires": true,
  "packages": {
    "": {
      "dependencies": {
        "status": "^0.0.13"
      }
    },
    "node_modules/argus": {
      "version": "0.0.3",
      "resolved": "https://registry.npmjs.org/argus/-/argus-0.0.3.tgz",
      "integrity": "sha512-WGBvoDE8RSGaSJUchiQPOuGD40f07Oh9n08DfqFBDlmPC77NoFeRxYVk3uP34IqnXm7CRVcF+gGhAR8rtumt4g==",
      "dependencies": {
        "coffee-script": "^1.8.0",
        "pegjs": "^0.7.0"
      },
      "engines": {
        "node": ">= 0.4.0"
      }
    },
    "node_modules/async": {
      "version": "0.9.2",
      "resolved": "https://registry.npmjs.org/async/-/async-0.9.2.tgz",
      "integrity": "sha512-l6ToIJIotphWahxxHyzK9bnLR6kM4jJIIgLShZeqLY7iboHoGkdgFl7W2/Ivi4SkMJYGKqW8vSuk0uKUj6qsSw=="
    },
    "node_modules/BetterRegExp": {
      "version": "0.0.2",
      "resolved": "https://registry.npmjs.org/BetterRegExp/-/BetterRegExp-0.0.2.tgz",
      "integrity": "sha512-BE+bbCfV/4C+NSSfWOPiG4jlIxq+aLnOWrn6kCht19p2GFCylbQBJv1Hzo3mFGB9upeO9V70oSqFq3adO6eCvw==",
      "dependencies": {
        "coffee-script": "*"
      },
      "engines": {
        "node": ">= 0.4.0"
      }
    },
    "node_modules/coffee-script": {
      "version": "1.12.7",
      "resolved": "https://registry.npmjs.org/coffee-script/-/coffee-script-1.12.7.tgz",
      "integrity": "sha512-fLeEhqwymYat/MpTPUjSKHVYYl0ec2mOyALEMLmzr5i1isuG+6jfI2j2d5oBO3VIzgUXgBVIcOT9uH1TFxBckw==",
      "deprecated": "CoffeeScript on NPM has moved to \"coffeescript\" (no hyphen)",
      "bin": {
        "cake": "bin/cake",
        "coffee": "bin/coffee"
      },
      "engines": {
        "node": ">=0.8.0"
      }
    },
    "node_modules/colors": {
      "version": "1.4.0",
      "resolved": "https://registry.npmjs.org/colors/-/colors-1.4.0.tgz",
      "integrity": "sha512-a+UqTh4kgZg/SlGvfbzDHpgRu7AAQOmmqRHJnxhRZICKFUT91brVhNNt58CMWU9PsBbv3PDCZUHbVxuDiH2mtA==",
      "engines": {
        "node": ">=0.1.90"
      }
    },
    "node_modules/commander": {
      "version": "1.3.2",
      "resolved": "https://registry.npmjs.org/commander/-/commander-1.3.2.tgz",
      "integrity": "sha512-uoVVA5dchmxZeTMv2Qsd0vhn/RebJYsWo4all1qtrUL3BBhQFn4AQDF4PL+ZvOeK7gczXKEZaSCyMDMwFBlpBg==",
      "dependencies": {
        "keypress": "0.1.x"
      },
      "engines": {
        "node": ">= 0.6.x"
      }
    },
    "node_modules/dbus": {
      "version": "0.2.23",
      "resolved": "https://registry.npmjs.org/dbus/-/dbus-0.2.23.tgz",
      "integrity": "sha512-Cw1hMUGnaJ8Embvz2/dArHEC65AleFlcHjy/k7b81TS8JzGnPsI0W2uuOJQ2H5fsDlTEk3e5Cxpc2Ai52D8ZLA==",
      "hasInstallScript": true,
      "optional": true,
      "os": [
        "!win32"
      ],
      "dependencies": {
        "nan": "^2.1.0"
      },
      "engines": {
        "node": ">= 0.8.0"
      }
    },
    "node_modules/fractal": {
      "version": "0.0.3",
      "resolved": "https://registry.npmjs.org/fractal/-/fractal-0.0.3.tgz",
      "integrity": "sha512-VSayIvpZIRVV+Nq3sXeZKxKtIp7z7BrKPOmdg5JVYBRb6dKur+W7BXIts9DXfMU20PUYTBoRBqC8+AuWquPYMA==",
      "dependencies": {
        "coffee-script": "^1.8.0",
        "xemplar": "0.0.8"
      },
      "engines": {
        "node": ">= 0.8.0"
      }
    },
    "node_modules/keypress": {
      "version": "0.1.0",
      "resolved": "https://registry.npmjs.org/keypress/-/keypress-0.1.0.tgz",
      "integrity": "sha512-x0yf9PL/nx9Nw9oLL8ZVErFAk85/lslwEP7Vz7s5SI1ODXZIgit3C5qyWjw4DxOuO/3Hb4866SQh28a1V1d+WA=="
    },
    "node_modules/loggo": {
      "version": "0.0.4",
      "resolved": "https://registry.npmjs.org/loggo/-/loggo-0.0.4.tgz",
      "integrity": "sha512-F2LwLAi/oq2/fU5z7lAf4qQIdMK0mHClP4jBYv0JXqbPiFfJ4CYVJ5fvk9UetK7bCKaXDgkUcFdqNJfMZfifWQ==",
      "dependencies": {
        "coffee-script": "*",
        "colors": "*"
      },
      "engines": {
        "node": ">= 0.4.0"
      }
    },
    "node_modules/nan": {
      "version": "2.17.0",
      "resolved": "https://registry.npmjs.org/nan/-/nan-2.17.0.tgz",
      "integrity": "sha512-2ZTgtl0nJsO0KQCjEpxcIr5D+Yv90plTitZt9JBfQvVJDS5seMl3FOvsh3+9CoYWXf/1l5OaZzzF6nDm4cagaQ==",
      "optional": true
    },
    "node_modules/pegjs": {
      "version": "0.7.0",
      "resolved": "https://registry.npmjs.org/pegjs/-/pegjs-0.7.0.tgz",
      "integrity": "sha512-LKb5vROzG2N6FVpITS8zy4BSB8M5z8JgiM0LzgvUVRIdScHys8RYlYvHVSL3WeXMLowF9MZj1hPusuVvTgeq4w==",
      "bin": {
        "pegjs": "bin/pegjs"
      },
      "engines": {
        "node": ">= 0.6.6"
      }
    },
    "node_modules/semver": {
      "version": "4.3.6",
      "resolved": "https://registry.npmjs.org/semver/-/semver-4.3.6.tgz",
      "integrity": "sha512-IrpJ+yoG4EOH8DFWuVg+8H1kW1Oaof0Wxe7cPcXW3x9BjkN/eVo54F15LyqemnDIUYskQWr9qvl/RihmSy6+xQ==",
      "bin": {
        "semver": "bin/semver"
      }
    },
    "node_modules/status": {
      "version": "0.0.13",
      "resolved": "https://registry.npmjs.org/status/-/status-0.0.13.tgz",
      "integrity": "sha512-4+IeMCPZvN6RR0Dbi8KM6TunIYZ5xFYFBEZO6L2lRV64iJISzf1612H90s7PLOMCREn5FHJZwjQCEHN5S3B6og==",
      "dependencies": {
        "argus": "0.0.3",
        "async": "^0.9.0",
        "coffee-script": "^1.8.0",
        "commander": "^1.0.0",
        "fractal": "0.0.3",
        "loggo": "0.0.4",
        "semver": "^4.2.0"
      },
      "bin": {
        "status": "bin/status"
      },
      "engines": {
        "node": ">= 0.6.0"
      },
      "optionalDependencies": {
        "dbus": "^0.2.10"
      }
    },
    "node_modules/xemplar": {
      "version": "0.0.8",
      "resolved": "https://registry.npmjs.org/xemplar/-/xemplar-0.0.8.tgz",
      "integrity": "sha512-4IeLx2/6/ROhy01n/kchiwkmdg1U/ZXps/Ah8xYOBYlcVq4n1qMKQG/VpfuYCFNnRPottPMLSs8Mko5y2KXQ/w==",
      "dependencies": {
        "BetterRegExp": "^0.0.2",
        "coffee-script": "^1.8.0"
      },
      "engines": {
        "node": ">= 0.4.0"
      }
    }
  }
}
